
Microsoft Visual Studio Solution File, Format Version 12.00
# Visual Studio Version 16
VisualStudioVersion = 16.0.30114.105
MinimumVisualStudioVersion = 10.0.40219.1
Project("{2150E333-8FDC-42A3-9474-1A3956D46DE8}") = "test", "test", "{352B3D40-F028-453F-A52E-5FE09DAF7D97}"
EndProject
Project("{FAE04EC0-301F-11D3-BF4B-00C04F79EFBC}") = "Pegi.Api.Test", "test\Pegi.Api.Test\Pegi.Api.Test.csproj", "{8640AEAF-3E0E-4D49-8003-88895BDAD100}"
EndProject
Project("{2150E333-8FDC-42A3-9474-1A3956D46DE8}") = "src", "src", "{93603177-8FF7-4246-9D92-9EDBACFB6DBB}"
EndProject
Project("{FAE04EC0-301F-11D3-BF4B-00C04F79EFBC}") = "Entities", "src\Entities\Entities.csproj", "{3FB2BAEF-3B81-4BF6-8F48-1ADB60C2C549}"
EndProject
Project("{FAE04EC0-301F-11D3-BF4B-00C04F79EFBC}") = "Data", "src\Data\Data.csproj", "{7D416917-A6DD-422D-99C4-8D517FE2FDC0}"
EndProject
Project("{FAE04EC0-301F-11D3-BF4B-00C04F79EFBC}") = "Services", "src\Services\Services.csproj", "{D973BC54-2CAF-4814-83EF-F47F57704696}"
EndProject
Project("{FAE04EC0-301F-11D3-BF4B-00C04F79EFBC}") = "Api", "src\Api\Api.csproj", "{B3E8DE22-D8BD-4E3F-A1CA-DC2C63F9F46F}"
EndProject
Global
	GlobalSection(SolutionConfigurationPlatforms) = preSolution
		Debug|Any CPU = Debug|Any CPU
		Debug|x64 = Debug|x64
		Debug|x86 = Debug|x86
		Release|Any CPU = Release|Any CPU
		Release|x64 = Release|x64
		Release|x86 = Release|x86
	EndGlobalSection
	GlobalSection(SolutionProperties) = preSolution
		HideSolutionNode = FALSE
	EndGlobalSection
	GlobalSection(ProjectConfigurationPlatforms) = postSolution
		{8640AEAF-3E0E-4D49-8003-88895BDAD100}.Debug|Any CPU.ActiveCfg = Debug|Any CPU
		{8640AEAF-3E0E-4D49-8003-88895BDAD100}.Debug|Any CPU.Build.0 = Debug|Any CPU
		{8640AEAF-3E0E-4D49-8003-88895BDAD100}.Debug|x64.ActiveCfg = Debug|Any CPU
		{8640AEAF-3E0E-4D49-8003-88895BDAD100}.Debug|x64.Build.0 = Debug|Any CPU
		{8640AEAF-3E0E-4D49-8003-88895BDAD100}.Debug|x86.ActiveCfg = Debug|Any CPU
		{8640AEAF-3E0E-4D49-8003-88895BDAD100}.Debug|x86.Build.0 = Debug|Any CPU
		{8640AEAF-3E0E-4D49-8003-88895BDAD100}.Release|Any CPU.ActiveCfg = Release|Any CPU
		{8640AEAF-3E0E-4D49-8003-88895BDAD100}.Release|Any CPU.Build.0 = Release|Any CPU
		{8640AEAF-3E0E-4D49-8003-88895BDAD100}.Release|x64.ActiveCfg = Release|Any CPU
		{8640AEAF-3E0E-4D49-8003-88895BDAD100}.Release|x64.Build.0 = Release|Any CPU
		{8640AEAF-3E0E-4D49-8003-88895BDAD100}.Release|x86.ActiveCfg = Release|Any CPU
		{8640AEAF-3E0E-4D49-8003-88895BDAD100}.Release|x86.Build.0 = Release|Any CPU
		{3FB2BAEF-3B81-4BF6-8F48-1ADB60C2C549}.Debug|Any CPU.ActiveCfg = Debug|Any CPU
		{3FB2BAEF-3B81-4BF6-8F48-1ADB60C2C549}.Debug|Any CPU.Build.0 = Debug|Any CPU
		{3FB2BAEF-3B81-4BF6-8F48-1ADB60C2C549}.Debug|x64.ActiveCfg = Debug|Any CPU
		{3FB2BAEF-3B81-4BF6-8F48-1ADB60C2C549}.Debug|x64.Build.0 = Debug|Any CPU
		{3FB2BAEF-3B81-4BF6-8F48-1ADB60C2C549}.Debug|x86.ActiveCfg = Debug|Any CPU
		{3FB2BAEF-3B81-4BF6-8F48-1ADB60C2C549}.Debug|x86.Build.0 = Debug|Any CPU
		{3FB2BAEF-3B81-4BF6-8F48-1ADB60C2C549}.Release|Any CPU.ActiveCfg = Release|Any CPU
		{3FB2BAEF-3B81-4BF6-8F48-1ADB60C2C549}.Release|Any CPU.Build.0 = Release|Any CPU
		{3FB2BAEF-3B81-4BF6-8F48-1ADB60C2C549}.Release|x64.ActiveCfg = Release|Any CPU
		{3FB2BAEF-3B81-4BF6-8F48-1ADB60C2C549}.Release|x64.Build.0 = Release|Any CPU
		{3FB2BAEF-3B81-4BF6-8F48-1ADB60C2C549}.Release|x86.ActiveCfg = Release|Any CPU
		{3FB2BAEF-3B81-4BF6-8F48-1ADB60C2C549}.Release|x86.Build.0 = Release|Any CPU
		{7D416917-A6DD-422D-99C4-8D517FE2FDC0}.Debug|Any CPU.ActiveCfg = Debug|Any CPU
		{7D416917-A6DD-422D-99C4-8D517FE2FDC0}.Debug|Any CPU.Build.0 = Debug|Any CPU
		{7D416917-A6DD-422D-99C4-8D517FE2FDC0}.Debug|x64.ActiveCfg = Debug|Any CPU
		{7D416917-A6DD-422D-99C4-8D517FE2FDC0}.Debug|x64.Build.0 = Debug|Any CPU
		{7D416917-A6DD-422D-99C4-8D517FE2FDC0}.Debug|x86.ActiveCfg = Debug|Any CPU
		{7D416917-A6DD-422D-99C4-8D517FE2FDC0}.Debug|x86.Build.0 = Debug|Any CPU
		{7D416917-A6DD-422D-99C4-8D517FE2FDC0}.Release|Any CPU.ActiveCfg = Release|Any CPU
		{7D416917-A6DD-422D-99C4-8D517FE2FDC0}.Release|Any CPU.Build.0 = Release|Any CPU
		{7D416917-A6DD-422D-99C4-8D517FE2FDC0}.Release|x64.ActiveCfg = Release|Any CPU
		{7D416917-A6DD-422D-99C4-8D517FE2FDC0}.Release|x64.Build.0 = Release|Any CPU
		{7D416917-A6DD-422D-99C4-8D517FE2FDC0}.Release|x86.ActiveCfg = Release|Any CPU
		{7D416917-A6DD-422D-99C4-8D517FE2FDC0}.Release|x86.Build.0 = Release|Any CPU
		{D973BC54-2CAF-4814-83EF-F47F57704696}.Debug|Any CPU.ActiveCfg = Debug|Any CPU
		{D973BC54-2CAF-4814-83EF-F47F57704696}.Debug|Any CPU.Build.0 = Debug|Any CPU
		{D973BC54-2CAF-4814-83EF-F47F57704696}.Debug|x64.ActiveCfg = Debug|Any CPU
		{D973BC54-2CAF-4814-83EF-F47F57704696}.Debug|x64.Build.0 = Debug|Any CPU
		{D973BC54-2CAF-4814-83EF-F47F57704696}.Debug|x86.ActiveCfg = Debug|Any CPU
		{D973BC54-2CAF-4814-83EF-F47F57704696}.Debug|x86.Build.0 = Debug|Any CPU
		{D973BC54-2CAF-4814-83EF-F47F57704696}.Release|Any CPU.ActiveCfg = Release|Any CPU
		{D973BC54-2CAF-4814-83EF-F47F57704696}.Release|Any CPU.Build.0 = Release|Any CPU
		{D973BC54-2CAF-4814-83EF-F47F57704696}.Release|x64.ActiveCfg = Release|Any CPU
		{D973BC54-2CAF-4814-83EF-F47F57704696}.Release|x64.Build.0 = Release|Any CPU
		{D973BC54-2CAF-4814-83EF-F47F57704696}.Release|x86.ActiveCfg = Release|Any CPU
		{D973BC54-2CAF-4814-83EF-F47F57704696}.Release|x86.Build.0 = Release|Any CPU
		{B3E8DE22-D8BD-4E3F-A1CA-DC2C63F9F46F}.Debug|Any CPU.ActiveCfg = Debug|Any CPU
		{B3E8DE22-D8BD-4E3F-A1CA-DC2C63F9F46F}.Debug|Any CPU.Build.0 = Debug|Any CPU
		{B3E8DE22-D8BD-4E3F-A1CA-DC2C63F9F46F}.Debug|x64.ActiveCfg = Debug|Any CPU
		{B3E8DE22-D8BD-4E3F-A1CA-DC2C63F9F46F}.Debug|x64.Build.0 = Debug|Any CPU
		{B3E8DE22-D8BD-4E3F-A1CA-DC2C63F9F46F}.Debug|x86.ActiveCfg = Debug|Any CPU
		{B3E8DE22-D8BD-4E3F-A1CA-DC2C63F9F46F}.Debug|x86.Build.0 = Debug|Any CPU
		{B3E8DE22-D8BD-4E3F-A1CA-DC2C63F9F46F}.Release|Any CPU.ActiveCfg = Release|Any CPU
		{B3E8DE22-D8BD-4E3F-A1CA-DC2C63F9F46F}.Release|Any CPU.Build.0 = Release|Any CPU
		{B3E8DE22-D8BD-4E3F-A1CA-DC2C63F9F46F}.Release|x64.ActiveCfg = Release|Any CPU
		{B3E8DE22-D8BD-4E3F-A1CA-DC2C63F9F46F}.Release|x64.Build.0 = Release|Any CPU
		{B3E8DE22-D8BD-4E3F-A1CA-DC2C63F9F46F}.Release|x86.ActiveCfg = Release|Any CPU
		{B3E8DE22-D8BD-4E3F-A1CA-DC2C63F9F46F}.Release|x86.Build.0 = Release|Any CPU
	EndGlobalSection
	GlobalSection(NestedProjects) = preSolution
		{8640AEAF-3E0E-4D49-8003-88895BDAD100} = {352B3D40-F028-453F-A52E-5FE09DAF7D97}
		{3FB2BAEF-3B81-4BF6-8F48-1ADB60C2C549} = {93603177-8FF7-4246-9D92-9EDBACFB6DBB}
		{7D416917-A6DD-422D-99C4-8D517FE2FDC0} = {93603177-8FF7-4246-9D92-9EDBACFB6DBB}
		{D973BC54-2CAF-4814-83EF-F47F57704696} = {93603177-8FF7-4246-9D92-9EDBACFB6DBB}
		{B3E8DE22-D8BD-4E3F-A1CA-DC2C63F9F46F} = {93603177-8FF7-4246-9D92-9EDBACFB6DBB}
	EndGlobalSection
EndGlobal
